# This file is automatically @generated by Cargo.
# It is not intended for manual editing.
version = 4

[[package]]
name = "rulekit"
version = "0.1.0"
dependencies = [
 "rust-bison-skeleton",
]

[[package]]
name = "rust-bison-skeleton"
version = "0.41.0"
source = "registry+https://github.com/rust-lang/crates.io-index"
checksum = "44eacbfec5db0196e32ebd61a0b0413fb13626f3e5d624ff1ce7bd8e3f7bb98a"
